{
  "name": "ng2-semantic-ui",
  "version": "0.10.0-alpha.6",
  "lockfileVersion": 1,
  "requires": true,
  "dependencies": {
    "bowser": {
      "version": "1.9.4",
      "resolved": "https://registry.npmjs.org/bowser/-/bowser-1.9.4.tgz",
      "integrity": "sha512-9IdMmj2KjigRq6oWhmwv1W36pDuA4STQZ8q6YO9um+x07xgYNCD3Oou+WP/3L1HNz7iqythGet3/p4wvc8AAwQ=="
    },
    "date-fns": {
      "version": "2.0.0-alpha.1",
      "resolved": "https://registry.npmjs.org/date-fns/-/date-fns-2.0.0-alpha.1.tgz",
      "integrity": "sha512-4gYdF1rDgv9X/0ko69pt+FgpQtDU5rgqZVmckIOhDicfCSTndwHMhUhLJw+pa4DlPdzIkEBtHg6L6VlQ6ueD1g=="
    },
    "element-closest": {
      "version": "2.0.2",
      "resolved": "https://registry.npmjs.org/element-closest/-/element-closest-2.0.2.tgz",
      "integrity": "sha1-cqdAoQdFM4LijfnOXbtajfD5Zuw="
    },
    "extend": {
      "version": "3.0.2",
      "resolved": "https://registry.npmjs.org/extend/-/extend-3.0.2.tgz",
      "integrity": "sha512-fjquC59cD7CyW6urNXK0FBufkZcoiGG80wTuPujX590cB5Ttln20E2UB4S/WARVqhXffZl2LNgS+gQdPIIim/g=="
    },
    "is-ua-webview": {
      "version": "1.0.5",
      "resolved": "https://registry.npmjs.org/is-ua-webview/-/is-ua-webview-1.0.5.tgz",
      "integrity": "sha512-CfaCxjFTU3xUluvcKg0+3j5uXeyneANFnC9ynSCTFA06nFt1okFBXpkKVxqxtFAKcbsFl+vrOQ7g6hlaDIQu8A=="
    },
    "popper.js": {
      "version": "1.16.1",
      "resolved": "https://registry.npmjs.org/popper.js/-/popper.js-1.16.1.tgz",
      "integrity": "sha512-Wb4p1J4zyFTbM+u6WuO4XstYx4Ky9Cewe4DWrel7B0w6VVICvPwdOpotjzcf6eD8TsckVnIMNONQyPIUFOUbCQ=="
    }
  }
}
